# This file is generated by running "yarn install" inside your project.
# Manual changes might be lost - proceed with caution!

__metadata:
  version: 6
  cacheKey: 8

"@openzeppelin/contracts@npm:^4.7.0":
  version: 4.7.0
  resolution: "@openzeppelin/contracts@npm:4.7.0"
  checksum: ac917e668505ffbd300fcb00fd2f39b5f1153f77f82d482988336a881134b806b2d820f4293962691ef4d6f9f8ee5ecc71da82c6eb6ad2f02810511e90fa0d96
  languageName: node
  linkType: hard

"yopu_dapp_nft@workspace:.":
  version: 0.0.0-use.local
  resolution: "yopu_dapp_nft@workspace:."
  dependencies:
    "@openzeppelin/contracts": ^4.7.0
  languageName: unknown
  linkType: soft
